
Microsoft Visual Studio Solution File, Format Version 12.00
# Visual Studio Version 17
VisualStudioVersion = 17.11.35222.181
MinimumVisualStudioVersion = 10.0.40219.1
Project("{FAE04EC0-301F-11D3-BF4B-00C04F79EFBC}") = "TheJokesApp", "TheJokesApp.csproj", "{BAAB7916-783F-480D-8166-DAF61AD938A5}"
EndProject
Global
	GlobalSection(SolutionConfigurationPlatforms) = preSolution
		Debug|Any CPU = Debug|Any CPU
		Release|Any CPU = Release|Any CPU
	EndGlobalSection
	GlobalSection(ProjectConfigurationPlatforms) = postSolution
		{BAAB7916-783F-480D-8166-DAF61AD938A5}.Debug|Any CPU.ActiveCfg = Debug|Any CPU
		{BAAB7916-783F-480D-8166-DAF61AD938A5}.Debug|Any CPU.Build.0 = Debug|Any CPU
		{BAAB7916-783F-480D-8166-DAF61AD938A5}.Release|Any CPU.ActiveCfg = Release|Any CPU
		{BAAB7916-783F-480D-8166-DAF61AD938A5}.Release|Any CPU.Build.0 = Release|Any CPU
	EndGlobalSection
	GlobalSection(SolutionProperties) = preSolution
		HideSolutionNode = FALSE
	EndGlobalSection
	GlobalSection(ExtensibilityGlobals) = postSolution
		SolutionGuid = {9D54040E-216B-4D84-8D39-4F05ADDF215D}
	EndGlobalSection
EndGlobal
